{
  "name": "@bangdayears/bangday",
  "version": "1.0.0",
  "lockfileVersion": 3,
  "requires": true,
  "packages": {
    "": {
      "name": "@bangdayears/bangday",
      "version": "1.0.0",
      "license": "ISC",
      "dependencies": {
        "bangday": "^1.0.0"
      },
      "devDependencies": {}
    },
    "node_modules/bangday": {
      "version": "1.0.0",
      "resolved": "https://registry.npmjs.org/bangday/-/bangday-1.0.0.tgz",
      "integrity": "sha512-GQkhfGYC1vPmtckd6386VVVe6xC4DTsWoj53GthWX7joRhMfzjskv6/G8hmE5NOahMiI72r8Iu8Jv0DSD7n/ng=="
    }
  }
}
